github.com/Compogo/compogo v0.0.16 h1:bWPMkYMKr5E94N4poHh3DX8EnmmoprL/h0amQCk0wrQ=
github.com/Compogo/compogo v0.0.16/go.mod h1:LbPhr7u4g11Lv8c9tifDnD7aJf3nNRhdsz1LlMdMGcY=
github.com/Compogo/compogo v0.0.17 h1:aoeWoVJOIQb5wRwAgd34VI4+stPAZIh6KqVr6siFUBQ=
github.com/Compogo/compogo v0.0.17/go.mod h1:LbPhr7u4g11Lv8c9tifDnD7aJf3nNRhdsz1LlMdMGcY=
github.com/Compogo/compogo v0.0.23 h1:PZ6SuUeEF+H6nRau45IlK4bsVWBW55xo/x8T7zP6rK4=
github.com/Compogo/compogo v0.0.23/go.mod h1:XHLqDJCqPizXlvJnuoCBGheKyfuD5zJFbFGG16sxGyU=
github.com/Compogo/compogo v0.0.33 h1:1PQVrobHEj6lFJyfGswBU97mwo/10YLTflu/txKnj1s=
github.com/Compogo/compogo v0.0.33/go.mod h1:Nwz8DqfcABMaEcJ5Ns2xEC7lFt22KRd+jLfl9Gek9d4=
github.com/Compogo/compogo v1.0.0-rc1 h1:hmcjMsBQV2caVF/SW1Y7QptEugUUGxZumFQpY31eKmU=
github.com/Compogo/compogo v1.0.0-rc1/go.mod h1:mIsLHoKoB61FcTHQ6Gh79DXyXpMyZgAj32XeytuBksQ=
github.com/Compogo/http v0.0.2 h1:amKjUBOxa8NcHR5L24fong1lMTQcIK+8fNT9LDrJU80=
github.com/Compogo/http v0.0.2/go.mod h1:aDhMwBZbHG1vqEPQl94eFNLBUsk8vnvhkupFm4cfAIU=
github.com/Compogo/http v0.0.3 h1:VtgdiRUGvgh+QyECV7OPUzH++fRdpBt8hs+VvpfwcSU=
github.com/Compogo/http v0.0.3/go.mod h1:aDhMwBZbHG1vqEPQl94eFNLBUsk8vnvhkupFm4cfAIU=
github.com/Compogo/http v0.0.4 h1:sM+0/49rFJrJeJkbd/0h+97pPjue5WUgb5rQHjViQng=
github.com/Compogo/http v0.0.4/go.mod h1:Q2XAknJ+M7lfFKsXXp5GNfen8GNIg8fHqCRv7Db6GCs=
github.com/Compogo/http v0.0.6 h1:kMVvNsZAYQ/Un97MdVM210WncdN2er55i8l5f7h8Aqw=
github.com/Compogo/http v0.0.6/go.mod h1:BG/JxeeqYGARYIpV7Aq6iHYcYQ/G2ps4DzfsksZJJZM=
github.com/Compogo/http v0.0.7 h1:PZDs79Yk4s7zdWi7jKFGH8uk3dpdG6j+yaFthrUvjdg=
github.com/Compogo/http v0.0.7/go.mod h1:BG/JxeeqYGARYIpV7Aq6iHYcYQ/G2ps4DzfsksZJJZM=
github.com/Compogo/http v0.0.14 h1:KiojptmVseaOwrGQfzlTsltm2gMP6IvJ8Y6AopiYrgA=
github.com/Compogo/http v0.0.14/go.mod h1:JodlBOUv2dShRdLbGMpWs7gcMr9qUz1heNdVZKHD/nM=
github.com/Compogo/http_server v1.0.0-rc1 h1:H+iPVdQdjjtM/0ZKaRvp7QUNf+vNRz5LmNjA+f6CVxo=
github.com/Compogo/http_server v1.0.0-rc1/go.mod h1:H8DQdUhAgOSfqwkEnFQb0QwkOM3KzOT6XvVDKmF55fc=
github.com/Compogo/runner v0.0.5 h1:Q9a1VfkJ0ElINoEYuhVNmj9KCQMBzEs/7DzIsDaoTJQ=
github.com/Compogo/runner v0.0.5/go.mod h1:4Hpaif6yFwJqQ9+XU3+QkxbXOY2qk3VM61vAxZgASbc=
github.com/Compogo/runner v0.0.6 h1:joUtUvLOLrnx/CJPSDafGtbaID3ddXcczyPPgaAczpQ=
github.com/Compogo/runner v0.0.6/go.mod h1:Ur8D/Xs35jwXaHpw69wvLVO844NDfttRLMey6wC9k9o=
github.com/Compogo/runner v0.0.7 h1:Dp1sK+gTXKOpqqGW7q6uHbgzSwu8gNCe/eSUoW70cd4=
github.com/Compogo/runner v0.0.7/go.mod h1:JKAFniw+Dss8SVsBocVH3ZPdj0dOJPEn8Zjcx8WqIAI=
github.com/Compogo/runner v0.0.14 h1:t0hVSLpiOVWaV/l96pMBZCaHSYsydrSaifHkTqzJu9g=
github.com/Compogo/runner v0.0.14/go.mod h1:fV61ZBLwEc0dfbU9dBp5bE0hbd0P69uqu9SHrN0QsjI=
github.com/Compogo/runner v1.0.2-rc1 h1:n2qpqySURkTsPbmO665RnTAN+z/oI76oWHYqGGK4Mqk=
github.com/Compogo/runner v1.0.2-rc1/go.mod h1:cuOY6xLB3aTtljWbaheUvsCghUJPmWmYAVH32WjqsEY=
github.com/Compogo/tools v0.0.1 h1:oEsD838gwG4xAbKkWerRViLp4Gi+fqT07MJRucDL3vY=
github.com/Compogo/tools v0.0.1/go.mod h1:WMC6OW6nB8hsEMMa/1BR0/CWcDVAfg8Bj2+K08Ufcy4=
github.com/Compogo/tools v1.0.0 h1:Ltcfy70mK3qjOPdOygb3y5/vvUC611Ci+vI2JVmd86Q=
github.com/Compogo/tools v1.0.0/go.mod h1:maqYz4W55hyPl9PNT6YsIhoZCt8zbzSsUDCRrN3KRY4=
github.com/Compogo/types v0.0.2 h1:bzYcqmhPGAj52O5OuQOXAaJX1VHoSUy1Jhi13iZ639E=
github.com/Compogo/types v0.0.2/go.mod h1:2wj58tE4RGlT4JsrN9s+M/kdJ4guUOma+jCXNB3WsB4=
github.com/Compogo/types v0.0.15 h1:qWOnDEyM6uJMFIA9pPYtxteCA8WmpUIGjcsbJaTu4l8=
github.com/Compogo/types v0.0.15/go.mod h1:2wj58tE4RGlT4JsrN9s+M/kdJ4guUOma+jCXNB3WsB4=
github.com/Compogo/types v1.0.0 h1:GdzqeGrV9CUuY7Mg6Z7Xpi4otlS3us2wPOX1kEhhATc=
github.com/Compogo/types v1.0.0/go.mod h1:wESqB/vlZAKikW/ad9pc/eZ+CHMgPVeY0HXgOtD6x1g=
github.com/go-chi/chi/v5 v5.2.5 h1:Eg4myHZBjyvJmAFjFvWgrqDTXFyOzjj7YIm3L3mu6Ug=
github.com/go-chi/chi/v5 v5.2.5/go.mod h1:X7Gx4mteadT3eDOMTsXzmI4/rwUpOwBHLpAfupzFJP0=
github.com/go-chi/chi/v5 v5.3.0 h1:halUjDxhshgXHMrao5bB8eNBXo/rnzwr8m5m36glehM=
github.com/go-chi/chi/v5 v5.3.0/go.mod h1:R+tYY2hNuVUUjxoPtqUdgBqevM9s9njzkTLutVsOCto=
